
Microsoft Visual Studio Solution File, Format Version 12.00
# Visual Studio Version 16
VisualStudioVersion = 16.0.32126.315
MinimumVisualStudioVersion = 10.0.40219.1
Project("{8BC9CEB8-8B4A-11D0-8D11-00A0C91BC942}") = "cringearray", "cringearray.vcxproj", "{0ABA0F61-2F74-49CB-9B26-474D57889E19}"
EndProject
Global
	GlobalSection(SolutionConfigurationPlatforms) = preSolution
		Debug|x64 = Debug|x64
		Debug|x86 = Debug|x86
		Release|x64 = Release|x64
		Release|x86 = Release|x86
	EndGlobalSection
	GlobalSection(ProjectConfigurationPlatforms) = postSolution
		{0ABA0F61-2F74-49CB-9B26-474D57889E19}.Debug|x64.ActiveCfg = Debug|x64
		{0ABA0F61-2F74-49CB-9B26-474D57889E19}.Debug|x64.Build.0 = Debug|x64
		{0ABA0F61-2F74-49CB-9B26-474D57889E19}.Debug|x86.ActiveCfg = Debug|Win32
		{0ABA0F61-2F74-49CB-9B26-474D57889E19}.Debug|x86.Build.0 = Debug|Win32
		{0ABA0F61-2F74-49CB-9B26-474D57889E19}.Release|x64.ActiveCfg = Release|x64
		{0ABA0F61-2F74-49CB-9B26-474D57889E19}.Release|x64.Build.0 = Release|x64
		{0ABA0F61-2F74-49CB-9B26-474D57889E19}.Release|x86.ActiveCfg = Release|Win32
		{0ABA0F61-2F74-49CB-9B26-474D57889E19}.Release|x86.Build.0 = Release|Win32
	EndGlobalSection
	GlobalSection(SolutionProperties) = preSolution
		HideSolutionNode = FALSE
	EndGlobalSection
	GlobalSection(ExtensibilityGlobals) = postSolution
		SolutionGuid = {505F08CC-83C3-4578-A25E-9ACD98B71750}
	EndGlobalSection
EndGlobal
